
Microsoft Visual Studio Solution File, Format Version 12.00
# Visual Studio Version 17
VisualStudioVersion = 17.3.32819.101
MinimumVisualStudioVersion = 10.0.40219.1
Project("{FAE04EC0-301F-11D3-BF4B-00C04F79EFBC}") = "SearchAlgorithm", "SearchAlgorithm\SearchAlgorithm.csproj", "{935E902B-6CDE-45A1-8887-09EC5D51069E}"
EndProject
Global
	GlobalSection(SolutionConfigurationPlatforms) = preSolution
		Debug|Any CPU = Debug|Any CPU
		Release|Any CPU = Release|Any CPU
	EndGlobalSection
	GlobalSection(ProjectConfigurationPlatforms) = postSolution
		{935E902B-6CDE-45A1-8887-09EC5D51069E}.Debug|Any CPU.ActiveCfg = Debug|Any CPU
		{935E902B-6CDE-45A1-8887-09EC5D51069E}.Debug|Any CPU.Build.0 = Debug|Any CPU
		{935E902B-6CDE-45A1-8887-09EC5D51069E}.Release|Any CPU.ActiveCfg = Release|Any CPU
		{935E902B-6CDE-45A1-8887-09EC5D51069E}.Release|Any CPU.Build.0 = Release|Any CPU
	EndGlobalSection
	GlobalSection(SolutionProperties) = preSolution
		HideSolutionNode = FALSE
	EndGlobalSection
	GlobalSection(ExtensibilityGlobals) = postSolution
		SolutionGuid = {F3D709F3-F4B1-4895-9CF4-9538FDE46A10}
	EndGlobalSection
EndGlobal
